
Microsoft Visual Studio Solution File, Format Version 12.00
# Visual Studio Version 17
VisualStudioVersion = 17.0.32126.317
MinimumVisualStudioVersion = 10.0.40219.1
Project("{9A19103F-16F7-4668-BE54-9A1E7A4F7556}") = "Set1Task2", "Set1Task1\Set1Task2.csproj", "{C622909D-8120-4651-B5BA-BFF9F3F2CBD2}"
EndProject
Project("{FAE04EC0-301F-11D3-BF4B-00C04F79EFBC}") = "Set1Task3", "Set1Task3\Set1Task3.csproj", "{9271FD05-3971-47CE-802D-2F7061EB57F2}"
EndProject
Global
	GlobalSection(SolutionConfigurationPlatforms) = preSolution
		Debug|Any CPU = Debug|Any CPU
		Release|Any CPU = Release|Any CPU
	EndGlobalSection
	GlobalSection(ProjectConfigurationPlatforms) = postSolution
		{C622909D-8120-4651-B5BA-BFF9F3F2CBD2}.Debug|Any CPU.ActiveCfg = Debug|Any CPU
		{C622909D-8120-4651-B5BA-BFF9F3F2CBD2}.Debug|Any CPU.Build.0 = Debug|Any CPU
		{C622909D-8120-4651-B5BA-BFF9F3F2CBD2}.Release|Any CPU.ActiveCfg = Release|Any CPU
		{C622909D-8120-4651-B5BA-BFF9F3F2CBD2}.Release|Any CPU.Build.0 = Release|Any CPU
		{9271FD05-3971-47CE-802D-2F7061EB57F2}.Debug|Any CPU.ActiveCfg = Debug|Any CPU
		{9271FD05-3971-47CE-802D-2F7061EB57F2}.Debug|Any CPU.Build.0 = Debug|Any CPU
		{9271FD05-3971-47CE-802D-2F7061EB57F2}.Release|Any CPU.ActiveCfg = Release|Any CPU
		{9271FD05-3971-47CE-802D-2F7061EB57F2}.Release|Any CPU.Build.0 = Release|Any CPU
	EndGlobalSection
	GlobalSection(SolutionProperties) = preSolution
		HideSolutionNode = FALSE
	EndGlobalSection
	GlobalSection(ExtensibilityGlobals) = postSolution
		SolutionGuid = {FAB2BC9D-1308-4C90-A989-6DC3D541DC2E}
	EndGlobalSection
EndGlobal
