
Microsoft Visual Studio Solution File, Format Version 12.00
# Visual Studio Version 17
VisualStudioVersion = 17.0.32126.317
MinimumVisualStudioVersion = 10.0.40219.1
Project("{9A19103F-16F7-4668-BE54-9A1E7A4F7556}") = "Set1Task2", "Set1Task1\Set1Task2.csproj", "{C622909D-8120-4651-B5BA-BFF9F3F2CBD2}"
EndProject
Project("{9A19103F-16F7-4668-BE54-9A1E7A4F7556}") = "Set1Task3", "Set1Task3\Set1Task3.csproj", "{9271FD05-3971-47CE-802D-2F7061EB57F2}"
EndProject
Project("{FAE04EC0-301F-11D3-BF4B-00C04F79EFBC}") = "Set1Task5", "Set1Task5\Set1Task5.csproj", "{C0D7E22F-8F13-4765-B191-EB32405E8F00}"
>>>>>>> main
EndProject
Project("{FAE04EC0-301F-11D3-BF4B-00C04F79EFBC}") = "Set1Task6", "Set1Task6\Set1Task6.csproj", "{2DFD6B0B-7D6B-40C5-953D-1CB6BAD1A2C4}"
EndProject
Project("{FAE04EC0-301F-11D3-BF4B-00C04F79EFBC}") = "Set1Task7", "Set1Task7\Set1Task7.csproj", "{8B9A92F1-2257-4035-9B08-71672A47375E}"
EndProject
Global
	GlobalSection(SolutionConfigurationPlatforms) = preSolution
		Debug|Any CPU = Debug|Any CPU
		Release|Any CPU = Release|Any CPU
	EndGlobalSection
	GlobalSection(ProjectConfigurationPlatforms) = postSolution
		{C622909D-8120-4651-B5BA-BFF9F3F2CBD2}.Debug|Any CPU.ActiveCfg = Debug|Any CPU
		{C622909D-8120-4651-B5BA-BFF9F3F2CBD2}.Debug|Any CPU.Build.0 = Debug|Any CPU
		{C622909D-8120-4651-B5BA-BFF9F3F2CBD2}.Release|Any CPU.ActiveCfg = Release|Any CPU
		{C622909D-8120-4651-B5BA-BFF9F3F2CBD2}.Release|Any CPU.Build.0 = Release|Any CPU
		{9271FD05-3971-47CE-802D-2F7061EB57F2}.Debug|Any CPU.ActiveCfg = Debug|Any CPU
		{9271FD05-3971-47CE-802D-2F7061EB57F2}.Debug|Any CPU.Build.0 = Debug|Any CPU
		{9271FD05-3971-47CE-802D-2F7061EB57F2}.Release|Any CPU.ActiveCfg = Release|Any CPU
		{9271FD05-3971-47CE-802D-2F7061EB57F2}.Release|Any CPU.Build.0 = Release|Any CPU
<<<<<<< HEAD
		{B93E26B8-3435-4583-A543-5CC78C544FA3}.Debug|Any CPU.ActiveCfg = Debug|Any CPU
		{B93E26B8-3435-4583-A543-5CC78C544FA3}.Debug|Any CPU.Build.0 = Debug|Any CPU
		{B93E26B8-3435-4583-A543-5CC78C544FA3}.Release|Any CPU.ActiveCfg = Release|Any CPU
		{B93E26B8-3435-4583-A543-5CC78C544FA3}.Release|Any CPU.Build.0 = Release|Any CPU
=======
		{C0D7E22F-8F13-4765-B191-EB32405E8F00}.Debug|Any CPU.ActiveCfg = Debug|Any CPU
		{C0D7E22F-8F13-4765-B191-EB32405E8F00}.Debug|Any CPU.Build.0 = Debug|Any CPU
		{C0D7E22F-8F13-4765-B191-EB32405E8F00}.Release|Any CPU.ActiveCfg = Release|Any CPU
		{C0D7E22F-8F13-4765-B191-EB32405E8F00}.Release|Any CPU.Build.0 = Release|Any CPU
	EndGlobalSection
	GlobalSection(SolutionProperties) = preSolution
		HideSolutionNode = FALSE
	EndGlobalSection
	GlobalSection(ExtensibilityGlobals) = postSolution
		SolutionGuid = {FAB2BC9D-1308-4C90-A989-6DC3D541DC2E}
	EndGlobalSection
EndGlobal
